
Microsoft Visual Studio Solution File, Format Version 12.00
Project("{FAE04EC0-301F-11D3-BF4B-00C04F79EFBC}") = "StreakTracking.Messages", "StreakTracking.Messages\StreakTracking.Messages.csproj", "{5DCB78BC-3258-4560-9814-FDBD865F09E8}"
EndProject
Project("{FAE04EC0-301F-11D3-BF4B-00C04F79EFBC}") = "StreakTracking.Domain", "StreakTracking.Domain\StreakTracking.Domain.csproj", "{B2030EE5-5E50-43CC-8F63-5DE4111D2D1D}"
EndProject
Project("{FAE04EC0-301F-11D3-BF4B-00C04F79EFBC}") = "StreakTracking.Tests", "StreakTracking.Tests\StreakTracking.Tests.csproj", "{DB5D709E-60A0-456E-B9AE-18B432731D57}"
EndProject
Project("{2150E333-8FDC-42A3-9474-1A3956D46DE8}") = "StreakTracking.Endpoints", "StreakTracking.Endpoints", "{7381A6B6-DBB0-4BEB-B965-83D9363EF0BF}"
EndProject
Project("{2150E333-8FDC-42A3-9474-1A3956D46DE8}") = "StreakTracking.Worker", "StreakTracking.Worker", "{8E92A2A6-D324-4D81-9E12-B5820018817C}"
EndProject
Project("{FAE04EC0-301F-11D3-BF4B-00C04F79EFBC}") = "Worker.EventHandler", "StreakTracking.Worker\Worker.EventHandler\Worker.EventHandler.csproj", "{D1CB4D95-E03E-44B8-85BA-DC8A434071F7}"
EndProject
Project("{FAE04EC0-301F-11D3-BF4B-00C04F79EFBC}") = "Endpoints.API", "StreakTracking.Endpoints\Endpoints.API\Endpoints.API.csproj", "{2CCDBBA4-642E-40FA-828B-00B0195037BE}"
EndProject
Project("{FAE04EC0-301F-11D3-BF4B-00C04F79EFBC}") = "Endpoints.Application", "StreakTracking.Endpoints\Endpoints.Application\Endpoints.Application.csproj", "{F661DBEB-CB5D-40A6-9295-442CEE888688}"
EndProject
Project("{FAE04EC0-301F-11D3-BF4B-00C04F79EFBC}") = "Endpoints.Infrastructure", "StreakTracking.Endpoints\Endpoints.Infrastructure\Endpoints.Infrastructure.csproj", "{59FE35D8-31EA-46EC-8B26-49F952432D2A}"
EndProject
Project("{FAE04EC0-301F-11D3-BF4B-00C04F79EFBC}") = "Worker.Application", "StreakTracking.Worker\Worker.Application\Worker.Application.csproj", "{2D5D5621-3B2F-4C15-9440-10B0416A7735}"
EndProject
Project("{FAE04EC0-301F-11D3-BF4B-00C04F79EFBC}") = "Worker.Infrastructure", "StreakTracking.Worker\Worker.Infrastructure\Worker.Infrastructure.csproj", "{D4DA9598-A445-4502-8887-C872A69BEB06}"
EndProject
Project("{FAE04EC0-301F-11D3-BF4B-00C04F79EFBC}") = "StreakTracking.Common", "StreakTracking.Common\StreakTracking.Common.csproj", "{F4E5DF65-417F-4DDC-8EF4-B589A43F8DBD}"
EndProject
Global
	GlobalSection(SolutionConfigurationPlatforms) = preSolution
		Debug|Any CPU = Debug|Any CPU
		Release|Any CPU = Release|Any CPU
	EndGlobalSection
	GlobalSection(ProjectConfigurationPlatforms) = postSolution
		{5DCB78BC-3258-4560-9814-FDBD865F09E8}.Debug|Any CPU.ActiveCfg = Debug|Any CPU
		{5DCB78BC-3258-4560-9814-FDBD865F09E8}.Debug|Any CPU.Build.0 = Debug|Any CPU
		{5DCB78BC-3258-4560-9814-FDBD865F09E8}.Release|Any CPU.ActiveCfg = Release|Any CPU
		{5DCB78BC-3258-4560-9814-FDBD865F09E8}.Release|Any CPU.Build.0 = Release|Any CPU
		{B2030EE5-5E50-43CC-8F63-5DE4111D2D1D}.Debug|Any CPU.ActiveCfg = Debug|Any CPU
		{B2030EE5-5E50-43CC-8F63-5DE4111D2D1D}.Debug|Any CPU.Build.0 = Debug|Any CPU
		{B2030EE5-5E50-43CC-8F63-5DE4111D2D1D}.Release|Any CPU.ActiveCfg = Release|Any CPU
		{B2030EE5-5E50-43CC-8F63-5DE4111D2D1D}.Release|Any CPU.Build.0 = Release|Any CPU
		{DB5D709E-60A0-456E-B9AE-18B432731D57}.Debug|Any CPU.ActiveCfg = Debug|Any CPU
		{DB5D709E-60A0-456E-B9AE-18B432731D57}.Debug|Any CPU.Build.0 = Debug|Any CPU
		{DB5D709E-60A0-456E-B9AE-18B432731D57}.Release|Any CPU.ActiveCfg = Release|Any CPU
		{DB5D709E-60A0-456E-B9AE-18B432731D57}.Release|Any CPU.Build.0 = Release|Any CPU
		{D1CB4D95-E03E-44B8-85BA-DC8A434071F7}.Debug|Any CPU.ActiveCfg = Debug|Any CPU
		{D1CB4D95-E03E-44B8-85BA-DC8A434071F7}.Debug|Any CPU.Build.0 = Debug|Any CPU
		{D1CB4D95-E03E-44B8-85BA-DC8A434071F7}.Release|Any CPU.ActiveCfg = Release|Any CPU
		{D1CB4D95-E03E-44B8-85BA-DC8A434071F7}.Release|Any CPU.Build.0 = Release|Any CPU
		{2CCDBBA4-642E-40FA-828B-00B0195037BE}.Debug|Any CPU.ActiveCfg = Debug|Any CPU
		{2CCDBBA4-642E-40FA-828B-00B0195037BE}.Debug|Any CPU.Build.0 = Debug|Any CPU
		{2CCDBBA4-642E-40FA-828B-00B0195037BE}.Release|Any CPU.ActiveCfg = Release|Any CPU
		{2CCDBBA4-642E-40FA-828B-00B0195037BE}.Release|Any CPU.Build.0 = Release|Any CPU
		{F661DBEB-CB5D-40A6-9295-442CEE888688}.Debug|Any CPU.ActiveCfg = Debug|Any CPU
		{F661DBEB-CB5D-40A6-9295-442CEE888688}.Debug|Any CPU.Build.0 = Debug|Any CPU
		{F661DBEB-CB5D-40A6-9295-442CEE888688}.Release|Any CPU.ActiveCfg = Release|Any CPU
		{F661DBEB-CB5D-40A6-9295-442CEE888688}.Release|Any CPU.Build.0 = Release|Any CPU
		{59FE35D8-31EA-46EC-8B26-49F952432D2A}.Debug|Any CPU.ActiveCfg = Debug|Any CPU
		{59FE35D8-31EA-46EC-8B26-49F952432D2A}.Debug|Any CPU.Build.0 = Debug|Any CPU
		{59FE35D8-31EA-46EC-8B26-49F952432D2A}.Release|Any CPU.ActiveCfg = Release|Any CPU
		{59FE35D8-31EA-46EC-8B26-49F952432D2A}.Release|Any CPU.Build.0 = Release|Any CPU
		{2D5D5621-3B2F-4C15-9440-10B0416A7735}.Debug|Any CPU.ActiveCfg = Debug|Any CPU
		{2D5D5621-3B2F-4C15-9440-10B0416A7735}.Debug|Any CPU.Build.0 = Debug|Any CPU
		{2D5D5621-3B2F-4C15-9440-10B0416A7735}.Release|Any CPU.ActiveCfg = Release|Any CPU
		{2D5D5621-3B2F-4C15-9440-10B0416A7735}.Release|Any CPU.Build.0 = Release|Any CPU
		{D4DA9598-A445-4502-8887-C872A69BEB06}.Debug|Any CPU.ActiveCfg = Debug|Any CPU
		{D4DA9598-A445-4502-8887-C872A69BEB06}.Debug|Any CPU.Build.0 = Debug|Any CPU
		{D4DA9598-A445-4502-8887-C872A69BEB06}.Release|Any CPU.ActiveCfg = Release|Any CPU
		{D4DA9598-A445-4502-8887-C872A69BEB06}.Release|Any CPU.Build.0 = Release|Any CPU
		{F4E5DF65-417F-4DDC-8EF4-B589A43F8DBD}.Debug|Any CPU.ActiveCfg = Debug|Any CPU
		{F4E5DF65-417F-4DDC-8EF4-B589A43F8DBD}.Debug|Any CPU.Build.0 = Debug|Any CPU
		{F4E5DF65-417F-4DDC-8EF4-B589A43F8DBD}.Release|Any CPU.ActiveCfg = Release|Any CPU
		{F4E5DF65-417F-4DDC-8EF4-B589A43F8DBD}.Release|Any CPU.Build.0 = Release|Any CPU
	EndGlobalSection
	GlobalSection(NestedProjects) = preSolution
		{D1CB4D95-E03E-44B8-85BA-DC8A434071F7} = {8E92A2A6-D324-4D81-9E12-B5820018817C}
		{2CCDBBA4-642E-40FA-828B-00B0195037BE} = {7381A6B6-DBB0-4BEB-B965-83D9363EF0BF}
		{F661DBEB-CB5D-40A6-9295-442CEE888688} = {7381A6B6-DBB0-4BEB-B965-83D9363EF0BF}
		{59FE35D8-31EA-46EC-8B26-49F952432D2A} = {7381A6B6-DBB0-4BEB-B965-83D9363EF0BF}
		{2D5D5621-3B2F-4C15-9440-10B0416A7735} = {8E92A2A6-D324-4D81-9E12-B5820018817C}
		{D4DA9598-A445-4502-8887-C872A69BEB06} = {8E92A2A6-D324-4D81-9E12-B5820018817C}
	EndGlobalSection
EndGlobal
